
Microsoft Visual Studio Solution File, Format Version 12.00
# Visual Studio Version 16
VisualStudioVersion = 16.0.32929.386
MinimumVisualStudioVersion = 10.0.40219.1
Project("{8BC9CEB8-8B4A-11D0-8D11-00A0C91BC942}") = "Project1", "Project1.vcxproj", "{39F37793-3BE4-4B72-B2EC-746A652A2BC4}"
EndProject
Global
	GlobalSection(SolutionConfigurationPlatforms) = preSolution
		Debug|x64 = Debug|x64
		Debug|x86 = Debug|x86
		Release|x64 = Release|x64
		Release|x86 = Release|x86
	EndGlobalSection
	GlobalSection(ProjectConfigurationPlatforms) = postSolution
		{39F37793-3BE4-4B72-B2EC-746A652A2BC4}.Debug|x64.ActiveCfg = Debug|x64
		{39F37793-3BE4-4B72-B2EC-746A652A2BC4}.Debug|x64.Build.0 = Debug|x64
		{39F37793-3BE4-4B72-B2EC-746A652A2BC4}.Debug|x86.ActiveCfg = Debug|Win32
		{39F37793-3BE4-4B72-B2EC-746A652A2BC4}.Debug|x86.Build.0 = Debug|Win32
		{39F37793-3BE4-4B72-B2EC-746A652A2BC4}.Release|x64.ActiveCfg = Release|x64
		{39F37793-3BE4-4B72-B2EC-746A652A2BC4}.Release|x64.Build.0 = Release|x64
		{39F37793-3BE4-4B72-B2EC-746A652A2BC4}.Release|x86.ActiveCfg = Release|Win32
		{39F37793-3BE4-4B72-B2EC-746A652A2BC4}.Release|x86.Build.0 = Release|Win32
	EndGlobalSection
	GlobalSection(SolutionProperties) = preSolution
		HideSolutionNode = FALSE
	EndGlobalSection
	GlobalSection(ExtensibilityGlobals) = postSolution
		SolutionGuid = {0756F191-0057-438F-A2FA-856112B85267}
	EndGlobalSection
EndGlobal
