
Microsoft Visual Studio Solution File, Format Version 12.00
# Visual Studio Version 16
VisualStudioVersion = 16.0.32929.386
MinimumVisualStudioVersion = 10.0.40219.1
Project("{8BC9CEB8-8B4A-11D0-8D11-00A0C91BC942}") = "初始化列表", "初始化列表.vcxproj", "{C1CA7871-478D-4046-87A9-C20B05E9ED6C}"
EndProject
Global
	GlobalSection(SolutionConfigurationPlatforms) = preSolution
		Debug|x64 = Debug|x64
		Debug|x86 = Debug|x86
		Release|x64 = Release|x64
		Release|x86 = Release|x86
	EndGlobalSection
	GlobalSection(ProjectConfigurationPlatforms) = postSolution
		{C1CA7871-478D-4046-87A9-C20B05E9ED6C}.Debug|x64.ActiveCfg = Debug|x64
		{C1CA7871-478D-4046-87A9-C20B05E9ED6C}.Debug|x64.Build.0 = Debug|x64
		{C1CA7871-478D-4046-87A9-C20B05E9ED6C}.Debug|x86.ActiveCfg = Debug|Win32
		{C1CA7871-478D-4046-87A9-C20B05E9ED6C}.Debug|x86.Build.0 = Debug|Win32
		{C1CA7871-478D-4046-87A9-C20B05E9ED6C}.Release|x64.ActiveCfg = Release|x64
		{C1CA7871-478D-4046-87A9-C20B05E9ED6C}.Release|x64.Build.0 = Release|x64
		{C1CA7871-478D-4046-87A9-C20B05E9ED6C}.Release|x86.ActiveCfg = Release|Win32
		{C1CA7871-478D-4046-87A9-C20B05E9ED6C}.Release|x86.Build.0 = Release|Win32
	EndGlobalSection
	GlobalSection(SolutionProperties) = preSolution
		HideSolutionNode = FALSE
	EndGlobalSection
	GlobalSection(ExtensibilityGlobals) = postSolution
		SolutionGuid = {D03EF2D1-0D01-41F8-8823-896E17EE6F13}
	EndGlobalSection
EndGlobal
