
Microsoft Visual Studio Solution File, Format Version 12.00
# Visual Studio Version 16
VisualStudioVersion = 16.0.32929.386
MinimumVisualStudioVersion = 10.0.40219.1
Project("{8BC9CEB8-8B4A-11D0-8D11-00A0C91BC942}") = "类对象作为类成员", "类对象作为类成员.vcxproj", "{AB4A6CA9-E114-440C-B26E-7A807B8D5121}"
EndProject
Global
	GlobalSection(SolutionConfigurationPlatforms) = preSolution
		Debug|x64 = Debug|x64
		Debug|x86 = Debug|x86
		Release|x64 = Release|x64
		Release|x86 = Release|x86
	EndGlobalSection
	GlobalSection(ProjectConfigurationPlatforms) = postSolution
		{AB4A6CA9-E114-440C-B26E-7A807B8D5121}.Debug|x64.ActiveCfg = Debug|x64
		{AB4A6CA9-E114-440C-B26E-7A807B8D5121}.Debug|x64.Build.0 = Debug|x64
		{AB4A6CA9-E114-440C-B26E-7A807B8D5121}.Debug|x86.ActiveCfg = Debug|Win32
		{AB4A6CA9-E114-440C-B26E-7A807B8D5121}.Debug|x86.Build.0 = Debug|Win32
		{AB4A6CA9-E114-440C-B26E-7A807B8D5121}.Release|x64.ActiveCfg = Release|x64
		{AB4A6CA9-E114-440C-B26E-7A807B8D5121}.Release|x64.Build.0 = Release|x64
		{AB4A6CA9-E114-440C-B26E-7A807B8D5121}.Release|x86.ActiveCfg = Release|Win32
		{AB4A6CA9-E114-440C-B26E-7A807B8D5121}.Release|x86.Build.0 = Release|Win32
	EndGlobalSection
	GlobalSection(SolutionProperties) = preSolution
		HideSolutionNode = FALSE
	EndGlobalSection
	GlobalSection(ExtensibilityGlobals) = postSolution
		SolutionGuid = {80BB59E9-8F40-455B-89D5-5325CBEC9915}
	EndGlobalSection
EndGlobal
